{
  "name": "pi-wifi-conf-webgui",
  "version": "1.0.0",
  "lockfileVersion": 1,
  "requires": true,
  "dependencies": {
    "accepts": {
      "version": "1.0.2",
      "resolved": "https://registry.npmjs.org/accepts/-/accepts-1.0.2.tgz",
      "integrity": "sha1-liZqzhtMA/ljdCjzrK/okZWfOIM=",
      "requires": {
        "mime": "1.2.11",
        "negotiator": "0.4.5"
      }
    },
    "after": {
      "version": "0.8.1",
      "resolved": "https://registry.npmjs.org/after/-/after-0.8.1.tgz",
      "integrity": "sha1-q11PuIP1loFtNRX495HAr0ht1ic="
    },
    "arraybuffer.slice": {
      "version": "0.0.6",
      "resolved": "https://registry.npmjs.org/arraybuffer.slice/-/arraybuffer.slice-0.0.6.tgz",
      "integrity": "sha1-8zshWfBTKj8xB6JywMz70a0peco="
    },
    "async": {
      "version": "2.6.1",
      "resolved": "https://registry.npmjs.org/async/-/async-2.6.1.tgz",
      "integrity": "sha512-fNEiL2+AZt6AlAw/29Cr0UDe4sRAHCpEHh54WMz+Bb7QfNcFw4h3loofyJpLeQs4Yx7yuqu/2dLgM5hKOs6HlQ==",
      "requires": {
        "lodash": "4.17.11"
      }
    },
    "base64-arraybuffer": {
      "version": "0.1.2",
      "resolved": "https://registry.npmjs.org/base64-arraybuffer/-/base64-arraybuffer-0.1.2.tgz",
      "integrity": "sha1-R030qfLaJOBd8xWMOx2zw81GoVQ="
    },
    "base64id": {
      "version": "0.1.0",
      "resolved": "https://registry.npmjs.org/base64id/-/base64id-0.1.0.tgz",
      "integrity": "sha1-As4P3u4M709ACA4ec+g08LG/zj8="
    },
    "better-assert": {
      "version": "1.0.2",
      "resolved": "https://registry.npmjs.org/better-assert/-/better-assert-1.0.2.tgz",
      "integrity": "sha1-QIZrnhueC1W0gYlDEeaPr/rrxSI=",
      "requires": {
        "callsite": "1.0.0"
      }
    },
    "bind": {
      "version": "http://github.com/component/bind/archive/0.0.1.tar.gz",
      "integrity": "sha512-AeEQzLOBXfWoOrTufDvDXxICrOMWJUNDBuv+wEfwuuGBDlFjV6nXwVrKmSTP+E7GiYrrv+69tyFnwmRlkZdj6A=="
    },
    "blob": {
      "version": "0.0.2",
      "resolved": "https://registry.npmjs.org/blob/-/blob-0.0.2.tgz",
      "integrity": "sha1-uJVivWmUr5W6HoEhVVNjM6ojzyQ="
    },
    "buffer-crc32": {
      "version": "0.2.1",
      "resolved": "https://registry.npmjs.org/buffer-crc32/-/buffer-crc32-0.2.1.tgz",
      "integrity": "sha1-vj5TgvwCttYySVasGvmKqYsIU0w="
    },
    "callsite": {
      "version": "1.0.0",
      "resolved": "https://registry.npmjs.org/callsite/-/callsite-1.0.0.tgz",
      "integrity": "sha1-KAOY5dZkvXQDi28JBRU+borxvCA="
    },
    "commander": {
      "version": "0.6.1",
      "resolved": "https://registry.npmjs.org/commander/-/commander-0.6.1.tgz",
      "integrity": "sha1-+mihT2qUXVTbvlDYzbMyDp47GgY="
    },
    "cookie": {
      "version": "0.1.2",
      "resolved": "https://registry.npmjs.org/cookie/-/cookie-0.1.2.tgz",
      "integrity": "sha1-cv7D0k5Io0Mgc9kMEmQgBQYQBLE="
    },
    "cookie-signature": {
      "version": "1.0.3",
      "resolved": "https://registry.npmjs.org/cookie-signature/-/cookie-signature-1.0.3.tgz",
      "integrity": "sha1-kc2ZfMUftkFZVzjGnNoCAyj1D/k="
    },
    "debug": {
      "version": "0.8.1",
      "resolved": "https://registry.npmjs.org/debug/-/debug-0.8.1.tgz",
      "integrity": "sha1-IP9NJvXkIstoobrLu2EDmtjBwTA="
    },
    "emitter": {
      "version": "http://github.com/component/emitter/archive/1.0.1.tar.gz",
      "integrity": "sha512-k3Da+QreMb9waaGCHNAHox5QqxnZEYlQmvIVYwQibrI6OpIRyIIyFGgDV5dXRLr1AJ32JLqEh0VxQEq20dFskw==",
      "requires": {
        "indexof": "0.0.1"
      }
    },
    "engine.io": {
      "version": "1.2.2",
      "resolved": "https://registry.npmjs.org/engine.io/-/engine.io-1.2.2.tgz",
      "integrity": "sha1-wws2EHmYdsLUwXvmu4qWfXY4FsQ=",
      "requires": {
        "base64id": "0.1.0",
        "debug": "0.6.0",
        "engine.io-parser": "1.0.6",
        "ws": "0.4.31"
      },
      "dependencies": {
        "debug": {
          "version": "0.6.0",
          "resolved": "https://registry.npmjs.org/debug/-/debug-0.6.0.tgz",
          "integrity": "sha1-zp1dAl1SlLPwdIpJS+uvPJ/Yc08="
        }
      }
    },
    "engine.io-client": {
      "version": "1.2.2",
      "resolved": "https://registry.npmjs.org/engine.io-client/-/engine.io-client-1.2.2.tgz",
      "integrity": "sha1-MXhD+bCl1+lKpC7rwmMdXgH3R7I=",
      "requires": {
        "debug": "0.7.4",
        "emitter": "http://github.com/component/emitter/archive/1.0.1.tar.gz",
        "engine.io-parser": "1.0.6",
        "has-cors": "1.0.3",
        "indexof": "0.0.1",
        "inherits": "2.0.1",
        "parsejson": "0.0.1",
        "parseqs": "0.0.2",
        "parseuri": "0.0.2",
        "ws": "0.4.31",
        "xmlhttprequest": "https://github.com/LearnBoost/node-XMLHttpRequest/archive/0f36d0b5ebc03d85f860d42a64ae9791e1daa433.tar.gz"
      },
      "dependencies": {
        "debug": {
          "version": "0.7.4",
          "resolved": "https://registry.npmjs.org/debug/-/debug-0.7.4.tgz",
          "integrity": "sha1-BuHqgILCyxTjmAbiLi9vdX+Srzk="
        }
      }
    },
    "engine.io-parser": {
      "version": "1.0.6",
      "resolved": "https://registry.npmjs.org/engine.io-parser/-/engine.io-parser-1.0.6.tgz",
      "integrity": "sha1-04gTFDpBHLO5FBMqsFv5nm96JI4=",
      "requires": {
        "after": "0.8.1",
        "arraybuffer.slice": "0.0.6",
        "base64-arraybuffer": "0.1.2",
        "blob": "0.0.2",
        "utf8": "2.0.0"
      }
    },
    "escape-html": {
      "version": "1.0.1",
      "resolved": "https://registry.npmjs.org/escape-html/-/escape-html-1.0.1.tgz",
      "integrity": "sha1-GBoobq05ejmpKFfPsdQwUuNWv/A="
    },
    "express": {
      "version": "4.4.0",
      "resolved": "https://registry.npmjs.org/express/-/express-4.4.0.tgz",
      "integrity": "sha1-H/19vnok+ylArQVwYRozErdtjzc=",
      "requires": {
        "accepts": "1.0.2",
        "buffer-crc32": "0.2.1",
        "cookie": "0.1.2",
        "cookie-signature": "1.0.3",
        "debug": "0.8.1",
        "escape-html": "1.0.1",
        "fresh": "0.2.2",
        "merge-descriptors": "0.0.2",
        "methods": "1.0.0",
        "parseurl": "1.0.1",
        "path-to-regexp": "0.1.2",
        "proxy-addr": "1.0.0",
        "qs": "0.6.6",
        "range-parser": "1.0.0",
        "send": "0.4.0",
        "serve-static": "1.2.0",
        "type-is": "1.2.0",
        "utils-merge": "1.0.0"
      }
    },
    "finished": {
      "version": "1.1.4",
      "resolved": "https://registry.npmjs.org/finished/-/finished-1.1.4.tgz",
      "integrity": "sha1-Tbn+IPkgvMwucSb/qEF1yPystdk="
    },
    "fresh": {
      "version": "0.2.2",
      "resolved": "https://registry.npmjs.org/fresh/-/fresh-0.2.2.tgz",
      "integrity": "sha1-lzHc9WeMf660T7kDxPct9VGH+nc="
    },
    "global": {
      "version": "https://github.com/component/global/archive/v2.0.1.tar.gz",
      "integrity": "sha512-O91OcV/NbdmQJPHaRu2ekSP7bqFRLWgqSwaJvqHPZHUwmHBagQYTOra29+LnzzG3lZkXH1ANzHzfCxtAPM9HMA=="
    },
    "has-binary-data": {
      "version": "0.1.1",
      "resolved": "https://registry.npmjs.org/has-binary-data/-/has-binary-data-0.1.1.tgz",
      "integrity": "sha1-4QdJ+4eCilLflvQIZYfrSgOWZDk=",
      "requires": {
        "isarray": "0.0.1"
      }
    },
    "has-cors": {
      "version": "1.0.3",
      "resolved": "https://registry.npmjs.org/has-cors/-/has-cors-1.0.3.tgz",
      "integrity": "sha1-UCrLmzEE2sM90mMOry+IiwuvTLM=",
      "requires": {
        "global": "https://github.com/component/global/archive/v2.0.1.tar.gz"
      }
    },
    "indexof": {
      "version": "0.0.1",
      "resolved": "https://registry.npmjs.org/indexof/-/indexof-0.0.1.tgz",
      "integrity": "sha1-gtwzbSMrkGIXnQWrMpOmYFn9Q10="
    },
    "inherits": {
      "version": "2.0.1",
      "resolved": "https://registry.npmjs.org/inherits/-/inherits-2.0.1.tgz",
      "integrity": "sha1-sX0I0ya0Qj5Wjv9xn5GwscvfafE="
    },
    "ipaddr.js": {
      "version": "0.1.2",
      "resolved": "https://registry.npmjs.org/ipaddr.js/-/ipaddr.js-0.1.2.tgz",
      "integrity": "sha1-ah/T2FT1ACllw017vNm0qNSwRn4="
    },
    "isarray": {
      "version": "0.0.1",
      "resolved": "https://registry.npmjs.org/isarray/-/isarray-0.0.1.tgz",
      "integrity": "sha1-ihis/Kmo9Bd+Cav8YDiTmwXR7t8="
    },
    "json3": {
      "version": "3.2.6",
      "resolved": "https://registry.npmjs.org/json3/-/json3-3.2.6.tgz",
      "integrity": "sha1-9u/JPAagTemuxTBT3yVZuxniA4s="
    },
    "lodash": {
      "version": "4.17.11",
      "resolved": "https://registry.npmjs.org/lodash/-/lodash-4.17.11.tgz",
      "integrity": "sha512-cQKh8igo5QUhZ7lg38DYWAxMvjSAKG0A8wGSVimP07SIUEK2UO+arSRKbRZWtelMtN5V0Hkwh5ryOto/SshYIg=="
    },
    "merge-descriptors": {
      "version": "0.0.2",
      "resolved": "https://registry.npmjs.org/merge-descriptors/-/merge-descriptors-0.0.2.tgz",
      "integrity": "sha1-w2pSp4FDdRPFcnXzndnTF1FKyMc="
    },
    "methods": {
      "version": "1.0.0",
      "resolved": "https://registry.npmjs.org/methods/-/methods-1.0.0.tgz",
      "integrity": "sha1-mnPYY3XfzvJu9hyj5Lii4lOKgOM="
    },
    "mime": {
      "version": "1.2.11",
      "resolved": "https://registry.npmjs.org/mime/-/mime-1.2.11.tgz",
      "integrity": "sha1-WCA+7Ybjpe8XrtK32evUfwpg3RA="
    },
    "nan": {
      "version": "0.3.2",
      "resolved": "https://registry.npmjs.org/nan/-/nan-0.3.2.tgz",
      "integrity": "sha1-DfGTXKsVNpB17xYK0olBB6oU3C0="
    },
    "negotiator": {
      "version": "0.4.5",
      "resolved": "https://registry.npmjs.org/negotiator/-/negotiator-0.4.5.tgz",
      "integrity": "sha1-DnOOsiXjoWbufWnrz9xwK6I2p3s="
    },
    "object-component": {
      "version": "0.0.3",
      "resolved": "https://registry.npmjs.org/object-component/-/object-component-0.0.3.tgz",
      "integrity": "sha1-8MaapQ78lbhmwYb0AKM3acsvEpE="
    },
    "options": {
      "version": "0.0.6",
      "resolved": "https://registry.npmjs.org/options/-/options-0.0.6.tgz",
      "integrity": "sha1-7CLTEoBrtT5zF3Pnza788cZDEo8="
    },
    "parsejson": {
      "version": "0.0.1",
      "resolved": "https://registry.npmjs.org/parsejson/-/parsejson-0.0.1.tgz",
      "integrity": "sha1-mxDGwNglq1ieaFFTgm3go7oni8w=",
      "requires": {
        "better-assert": "1.0.2"
      }
    },
    "parseqs": {
      "version": "0.0.2",
      "resolved": "https://registry.npmjs.org/parseqs/-/parseqs-0.0.2.tgz",
      "integrity": "sha1-nf5wss3aw4i95PNbHyQPpYrb5sc=",
      "requires": {
        "better-assert": "1.0.2"
      }
    },
    "parseuri": {
      "version": "0.0.2",
      "resolved": "https://registry.npmjs.org/parseuri/-/parseuri-0.0.2.tgz",
      "integrity": "sha1-20GHjy1pZHGL6HCzFAlz2Ak74VY=",
      "requires": {
        "better-assert": "1.0.2"
      }
    },
    "parseurl": {
      "version": "1.0.1",
      "resolved": "https://registry.npmjs.org/parseurl/-/parseurl-1.0.1.tgz",
      "integrity": "sha1-Llfc5u/dN8NRhwEDCUTCK/OIt7Q="
    },
    "path-to-regexp": {
      "version": "0.1.2",
      "resolved": "https://registry.npmjs.org/path-to-regexp/-/path-to-regexp-0.1.2.tgz",
      "integrity": "sha1-mysVH5zDAYye6lDKlXKeBXgXErQ="
    },
    "pi-wifi": {
      "version": "1.2.0",
      "resolved": "https://registry.npmjs.org/pi-wifi/-/pi-wifi-1.2.0.tgz",
      "integrity": "sha1-hxrt3Pjd0huhlLGBHPSiksCMWmA=",
      "requires": {
        "async": "2.6.1",
        "wireless-tools": "0.19.0"
      }
    },
    "proxy-addr": {
      "version": "1.0.0",
      "resolved": "https://registry.npmjs.org/proxy-addr/-/proxy-addr-1.0.0.tgz",
      "integrity": "sha1-R4YXqw+6cODD2unPV0aeNt0v668=",
      "requires": {
        "ipaddr.js": "0.1.2"
      }
    },
    "qs": {
      "version": "0.6.6",
      "resolved": "https://registry.npmjs.org/qs/-/qs-0.6.6.tgz",
      "integrity": "sha1-bgFQmP9RlouKPIGQAdXyyJvEsQc="
    },
    "range-parser": {
      "version": "1.0.0",
      "resolved": "https://registry.npmjs.org/range-parser/-/range-parser-1.0.0.tgz",
      "integrity": "sha1-pLJkz+C+XONqvjdlrJwqJIdG28A="
    },
    "send": {
      "version": "0.4.0",
      "resolved": "https://registry.npmjs.org/send/-/send-0.4.0.tgz",
      "integrity": "sha1-5+xncHLlZR8YcS3Uk3Mvz0Is7Dk=",
      "requires": {
        "debug": "0.8.1",
        "finished": "1.1.4",
        "fresh": "0.2.2",
        "mime": "1.2.11",
        "range-parser": "1.0.0"
      }
    },
    "serve-static": {
      "version": "1.2.0",
      "resolved": "https://registry.npmjs.org/serve-static/-/serve-static-1.2.0.tgz",
      "integrity": "sha1-txG95yLK1waGwa3ThcYCC8230pU=",
      "requires": {
        "parseurl": "1.0.1",
        "send": "0.4.0"
      }
    },
    "socket.io": {
      "version": "1.0.3",
      "resolved": "https://registry.npmjs.org/socket.io/-/socket.io-1.0.3.tgz",
      "integrity": "sha1-85dwn+eKBq/PL8S4zhw5NIvvGdM=",
      "requires": {
        "debug": "0.7.4",
        "engine.io": "1.2.2",
        "has-binary-data": "0.1.1",
        "socket.io-adapter": "0.2.0",
        "socket.io-client": "1.0.3",
        "socket.io-parser": "2.2.0"
      },
      "dependencies": {
        "debug": {
          "version": "0.7.4",
          "resolved": "https://registry.npmjs.org/debug/-/debug-0.7.4.tgz",
          "integrity": "sha1-BuHqgILCyxTjmAbiLi9vdX+Srzk="
        }
      }
    },
    "socket.io-adapter": {
      "version": "0.2.0",
      "resolved": "https://registry.npmjs.org/socket.io-adapter/-/socket.io-adapter-0.2.0.tgz",
      "integrity": "sha1-vTkym4lhNxeH4k80WwdOyc8ADjM=",
      "requires": {
        "debug": "0.7.4",
        "socket.io-parser": "2.1.2"
      },
      "dependencies": {
        "debug": {
          "version": "0.7.4",
          "resolved": "https://registry.npmjs.org/debug/-/debug-0.7.4.tgz",
          "integrity": "sha1-BuHqgILCyxTjmAbiLi9vdX+Srzk="
        },
        "socket.io-parser": {
          "version": "2.1.2",
          "resolved": "https://registry.npmjs.org/socket.io-parser/-/socket.io-parser-2.1.2.tgz",
          "integrity": "sha1-h2ZVue3VVcW99zAc7fMKQ2xnuLA=",
          "requires": {
            "debug": "0.7.4",
            "emitter": "http://github.com/component/emitter/archive/1.0.1.tar.gz",
            "isarray": "0.0.1",
            "json3": "3.2.6"
          }
        }
      }
    },
    "socket.io-client": {
      "version": "1.0.3",
      "resolved": "https://registry.npmjs.org/socket.io-client/-/socket.io-client-1.0.3.tgz",
      "integrity": "sha1-uW3/fSvpN6s5w4TQ8x7HF4wFfw4=",
      "requires": {
        "bind": "http://github.com/component/bind/archive/0.0.1.tar.gz",
        "debug": "0.7.4",
        "emitter": "http://github.com/component/emitter/archive/1.0.1.tar.gz",
        "engine.io-client": "1.2.2",
        "has-binary-data": "0.1.1",
        "indexof": "0.0.1",
        "object-component": "0.0.3",
        "parseuri": "0.0.2",
        "socket.io-parser": "2.2.0",
        "to-array": "0.1.3"
      },
      "dependencies": {
        "debug": {
          "version": "0.7.4",
          "resolved": "https://registry.npmjs.org/debug/-/debug-0.7.4.tgz",
          "integrity": "sha1-BuHqgILCyxTjmAbiLi9vdX+Srzk="
        }
      }
    },
    "socket.io-parser": {
      "version": "2.2.0",
      "resolved": "https://registry.npmjs.org/socket.io-parser/-/socket.io-parser-2.2.0.tgz",
      "integrity": "sha1-JglgH1nmp/q0NqU749Mz+7/L0wo=",
      "requires": {
        "debug": "0.7.4",
        "emitter": "http://github.com/component/emitter/archive/1.0.1.tar.gz",
        "isarray": "0.0.1",
        "json3": "3.2.6"
      },
      "dependencies": {
        "debug": {
          "version": "0.7.4",
          "resolved": "https://registry.npmjs.org/debug/-/debug-0.7.4.tgz",
          "integrity": "sha1-BuHqgILCyxTjmAbiLi9vdX+Srzk="
        }
      }
    },
    "tinycolor": {
      "version": "0.0.1",
      "resolved": "https://registry.npmjs.org/tinycolor/-/tinycolor-0.0.1.tgz",
      "integrity": "sha1-MgtaUtg6u1l42Bo+iH1K77FaYWQ="
    },
    "to-array": {
      "version": "0.1.3",
      "resolved": "https://registry.npmjs.org/to-array/-/to-array-0.1.3.tgz",
      "integrity": "sha1-1F2txjY0F/YPKEdP6lDs3btPSZE="
    },
    "type-is": {
      "version": "1.2.0",
      "resolved": "https://registry.npmjs.org/type-is/-/type-is-1.2.0.tgz",
      "integrity": "sha1-qaqj8gFIUNSBNmP2xxTPYxgZUTg=",
      "requires": {
        "mime": "1.2.11"
      }
    },
    "utf8": {
      "version": "2.0.0",
      "resolved": "https://registry.npmjs.org/utf8/-/utf8-2.0.0.tgz",
      "integrity": "sha1-ec5Z7O2HSAnKuacfxxAsfUXUEY0="
    },
    "utils-merge": {
      "version": "1.0.0",
      "resolved": "https://registry.npmjs.org/utils-merge/-/utils-merge-1.0.0.tgz",
      "integrity": "sha1-ApT7kiu5N1FTVBxPcJYjHyh8ivg="
    },
    "wireless-tools": {
      "version": "0.19.0",
      "resolved": "https://registry.npmjs.org/wireless-tools/-/wireless-tools-0.19.0.tgz",
      "integrity": "sha1-Z/tzzTcfLZujue8lNACjH4x4SxE="
    },
    "ws": {
      "version": "0.4.31",
      "resolved": "https://registry.npmjs.org/ws/-/ws-0.4.31.tgz",
      "integrity": "sha1-WkhJ56nM0e1aga60hHyf7fMSKSc=",
      "requires": {
        "commander": "0.6.1",
        "nan": "0.3.2",
        "options": "0.0.6",
        "tinycolor": "0.0.1"
      }
    },
    "xmlhttprequest": {
      "version": "https://github.com/LearnBoost/node-XMLHttpRequest/archive/0f36d0b5ebc03d85f860d42a64ae9791e1daa433.tar.gz",
      "integrity": "sha512-TVSZwoeUQ7OKhb8jnQdSxGFz+lm4MGWmhG0deeYg85VQT74x5LcSrKeXHE0ZIzEycgqQ5mF8r8e1AykA7TpNAQ=="
    }
  }
}
